<Solution>
  <Folder Name="/src/">
    <Project Path="src/Lumoin.Base/Lumoin.Base.csproj" />
    <Project Path="src/Lumoin.Base.Libsodium/Lumoin.Base.Libsodium.csproj" />
    <Project Path="src/Lumoin.Base.MemoryProtection/Lumoin.Base.MemoryProtection.csproj" />
    <Project Path="src/Lumoin.Base.Sodium/Lumoin.Base.Sodium.csproj" />
  </Folder>
  <Folder Name="/test/">
    <Project Path="test/Lumoin.Base.Tests/Lumoin.Base.Tests.csproj" />
    <Project Path="test/Lumoin.Base.Libsodium.Tests/Lumoin.Base.Libsodium.Tests.csproj" />
    <Project Path="test/Lumoin.Base.MemoryProtection.Tests/Lumoin.Base.MemoryProtection.Tests.csproj" />
    <Project Path="test/Lumoin.Base.Sodium.Tests/Lumoin.Base.Sodium.Tests.csproj" />
  </Folder>
</Solution>
