{
  "version": 2,
  "dependencies": {
    "net10.0": {
      "CsCheck": {
        "type": "Direct",
        "requested": "[4.7.0, )",
        "resolved": "4.7.0",
        "contentHash": "j1ddNwZJHtuXJo0haeDtEX/j/iDJYLlZdIvaEmb7ftxTN9p4e5/jn6hYGXH/Em6RFfDRGWaNQ17LOMR3MhYWwA=="
      },
      "LiquidTestReports.Markdown": {
        "type": "Direct",
        "requested": "[2.0.0-beta.6, )",
        "resolved": "2.0.0-beta.6",
        "contentHash": "nlPxDjU0U7O+Gxrxu/9gbK2MX7IYAzPKTzX7jIsORtVjYcJR92lo/hM+zW+klM6z5hjjBiYwPIjxTMVRH/oc2w==",
        "dependencies": {
          "LiquidTestReports.Core": "2.0.0-beta.6",
          "Microsoft.TestPlatform.ObjectModel": "17.11.1"
        }
      },
      "Microsoft.CodeAnalysis.BannedApiAnalyzers": {
        "type": "Direct",
        "requested": "[5.6.0, )",
        "resolved": "5.6.0",
        "contentHash": "Kcobt3pnOdO0A+6CKiMHZdTEluJpsfxiV20axtZdmfBQnDmiWTKPJADlgAfdTuKNAnVarrkJa0UEGwuOo91muw=="
      },
      "Microsoft.NET.ILLink.Tasks": {
        "type": "Direct",
        "requested": "[10.0.10, )",
        "resolved": "10.0.10",
        "contentHash": "f5VCIE7AJpd5YvzNTeMGVzQIgyE9tX+AreTYwQF+REbu+DZo/2Ae+jNSwhPEYrVz6RRkd7y8ubXjk6Nn6Ka+Cg=="
      },
      "Microsoft.Sbom.Targets": {
        "type": "Direct",
        "requested": "[4.1.5, )",
        "resolved": "4.1.5",
        "contentHash": "i5z+cNu/cOcdO0AgFB8aXk8w6In2H+haaDfSgd9ImvQIK+rSHavHZIogVoAZLL8jLwYx4bAcs5b7EyuMMG4mQQ=="
      },
      "Microsoft.Testing.Extensions.AzureDevOpsReport": {
        "type": "Direct",
        "requested": "[2.3.2, )",
        "resolved": "2.3.2",
        "contentHash": "I+TRtc7XPGaVK6wf4CVWRBNTyPhtPAyXaKRbwaCoE86ZphNUKLR7Ic/7L0fed9X18RVqwpaurGMBMPeHpNCmcQ==",
        "dependencies": {
          "Microsoft.Extensions.FileSystemGlobbing": "9.0.4",
          "Microsoft.Testing.Platform": "2.3.2"
        }
      },
      "Microsoft.Testing.Extensions.CodeCoverage": {
        "type": "Direct",
        "requested": "[18.9.0, )",
        "resolved": "18.9.0",
        "contentHash": "Odp8djWEUFTJoRV02y0zJaAwAHF31CtNaDgnKKM+8dBHbbaH7Ee0oo9gweLpbzjI7UrtMUzH6xLJSrICZw+Nwg==",
        "dependencies": {
          "Microsoft.DiaSymReader": "2.2.9",
          "Microsoft.Extensions.DependencyModel": "10.0.8",
          "Microsoft.Testing.Platform": "2.3.0"
        }
      },
      "Microsoft.Testing.Extensions.CrashDump": {
        "type": "Direct",
        "requested": "[2.3.2, )",
        "resolved": "2.3.2",
        "contentHash": "9E6JwVZWHh1uAyQr6rWMG9cossiNtYN9hNB81sioYA233aS5WF7HvwUyHlhPH2stfdYHTjHbt7A/Yt9CViqvNA==",
        "dependencies": {
          "Microsoft.Testing.Extensions.TrxReport.Abstractions": "2.3.2",
          "Microsoft.Testing.Platform": "2.3.2"
        }
      },
      "Microsoft.Testing.Extensions.HangDump": {
        "type": "Direct",
        "requested": "[2.3.2, )",
        "resolved": "2.3.2",
        "contentHash": "ZljG8xsxKEMM8hCxdfLLmRhy2W7gEZoTcx42yPRrzBq+UkRnNVBhOccI4/ojz6pCFjLEtXrDLYosR9zM0oF8dg==",
        "dependencies": {
          "Microsoft.Diagnostics.NETCore.Client": "0.2.607501",
          "Microsoft.Testing.Platform": "2.3.2"
        }
      },
      "Microsoft.Testing.Extensions.HotReload": {
        "type": "Direct",
        "requested": "[2.3.2, )",
        "resolved": "2.3.2",
        "contentHash": "a3m3pffye6a9u7WRTuodseIu5xWYRdrlT48esu0XWjaElzR1mDXvTUQwq1v5p8eid6uL2crVQeeWj6SqULyglQ==",
        "dependencies": {
          "Microsoft.Testing.Platform": "2.3.2"
        }
      },
      "Microsoft.Testing.Extensions.Retry": {
        "type": "Direct",
        "requested": "[2.3.2, )",
        "resolved": "2.3.2",
        "contentHash": "KYzPIy7K6Yefn9GCoP1J+SP+Ae/51xRNrGpFVwnQUCiNKIJ4fb/UbPWN7Qcq36c5fyseFBfyrw2hKPZAag5zCQ==",
        "dependencies": {
          "Microsoft.Testing.Platform": "2.3.2"
        }
      },
      "Microsoft.Testing.Extensions.TrxReport": {
        "type": "Direct",
        "requested": "[2.3.2, )",
        "resolved": "2.3.2",
        "contentHash": "JzCtiOAmIfkPP2PpAKZeiH1hVYIVC9jMhsPWrd6PnH/Wtuct1UMuxpKi2F1cmXgfokc/HOadC6HOO1qzI23tnA==",
        "dependencies": {
          "Microsoft.Testing.Extensions.TrxReport.Abstractions": "2.3.2",
          "Microsoft.Testing.Platform": "2.3.2"
        }
      },
      "MSTest.TestAdapter": {
        "type": "Direct",
        "requested": "[4.3.2, )",
        "resolved": "4.3.2",
        "contentHash": "uqpjJqQ3ws5z7Pq6BfMFpuqdrN2YIfe0Gfww91LRVXwxBdLqUaJd4JbHUImOSQvmK5m3PqW285kPjKbb69QFoA==",
        "dependencies": {
          "MSTest.TestFramework": "4.3.2",
          "Microsoft.Testing.Extensions.VSTestBridge": "2.3.2",
          "Microsoft.Testing.Platform.MSBuild": "2.3.2"
        }
      },
      "MSTest.TestFramework": {
        "type": "Direct",
        "requested": "[4.3.2, )",
        "resolved": "4.3.2",
        "contentHash": "Vlj3THt/BcOV/93k0Cdq29RNEsrY3TvUV6mF13rOuY8Gx7Ltd+LrOYId8AYu0cH9ioCYY/Sx1hppfI9p/vP+aw==",
        "dependencies": {
          "MSTest.Analyzers": "4.3.2"
        }
      },
      "SIL.ReleaseTasks": {
        "type": "Direct",
        "requested": "[3.2.0, )",
        "resolved": "3.2.0",
        "contentHash": "HvkX+pve8yGdG79ar1hHf+9Q9WirwFXMZSQqNSHulqd0Ev1CQwEcF0DQLM+UlExXZJkL7MyI+7wM6wicnWBBuw==",
        "dependencies": {
          "Markdig.Signed": "0.41.1",
          "Microsoft.Build.Tasks.Core": "17.14.28"
        }
      },
      "DotLiquid": {
        "type": "Transitive",
        "resolved": "2.2.692",
        "contentHash": "99vthJizf3mzMamLonWRhYICnKMCS+Xiz+mPojgSIIxa5ry42LE5P1s3i1OviL0/rtxXiZor8kYq5iZVCZ/RPA=="
      },
      "LiquidTestReports.Core": {
        "type": "Transitive",
        "resolved": "2.0.0-beta.6",
        "contentHash": "pO9qmgmdFNYTK0pfmTP4I2adOxPCtlJVLWQtZZixpVj/FVXqBr0N+sM+4qiDTTYJcKk2Z/rEnhOIoVXMkDvenA==",
        "dependencies": {
          "DotLiquid": "2.2.692",
          "Microsoft.TestPlatform.ObjectModel": "17.11.1",
          "NuGet.Frameworks": "6.12.1",
          "System.ComponentModel.Annotations": "5.0.0"
        }
      },
      "Markdig.Signed": {
        "type": "Transitive",
        "resolved": "0.41.1",
        "contentHash": "vRSlilV2gcm769RDMe158oftaQN7FZpGe2roEEMGOXLcNUlmSbNUVppZIKaAFIQ/E575divDfoAV3yz6GL6R9Q=="
      },
      "Microsoft.ApplicationInsights": {
        "type": "Transitive",
        "resolved": "2.23.0",
        "contentHash": "nWArUZTdU7iqZLycLKWe0TDms48KKGE6pONH2terYNa8REXiqixrMOkf1sk5DHGMaUTqONU2YkS4SAXBhLStgw=="
      },
      "Microsoft.Build.Framework": {
        "type": "Transitive",
        "resolved": "17.14.28",
        "contentHash": "wRcyTzGV0LRAtFdrddtioh59Ky4/zbvyraP0cQkDzRSRkhgAQb0K88D/JNC6VHLIXanRi3mtV1jU0uQkBwmiVg=="
      },
      "Microsoft.Build.Tasks.Core": {
        "type": "Transitive",
        "resolved": "17.14.28",
        "contentHash": "jk3O0tXp9QWPXhLJ7Pl8wm/eGtGgA1++vwHGWEmnwMU6eP//ghtcCUpQh9CQMwEKGDnH0aJf285V1s8yiSlKfQ==",
        "dependencies": {
          "Microsoft.Build.Framework": "17.14.28",
          "Microsoft.Build.Utilities.Core": "17.14.28",
          "Microsoft.NET.StringTools": "17.14.28",
          "System.CodeDom": "9.0.0",
          "System.Configuration.ConfigurationManager": "9.0.0",
          "System.Diagnostics.EventLog": "9.0.0",
          "System.Formats.Nrbf": "9.0.0",
          "System.Resources.Extensions": "9.0.0",
          "System.Security.Cryptography.Pkcs": "9.0.0",
          "System.Security.Cryptography.ProtectedData": "9.0.0",
          "System.Security.Cryptography.Xml": "9.0.0"
        }
      },
      "Microsoft.Build.Utilities.Core": {
        "type": "Transitive",
        "resolved": "17.14.28",
        "contentHash": "rhSdPo8QfLXXWM+rY0x0z1G4KK4ZhMoIbHROyDj8MUBFab9nvHR0NaMnjzOgXldhmD2zi2ir8d6xCatNzlhF5g==",
        "dependencies": {
          "Microsoft.Build.Framework": "17.14.28",
          "Microsoft.NET.StringTools": "17.14.28",
          "System.Configuration.ConfigurationManager": "9.0.0",
          "System.Diagnostics.EventLog": "9.0.0",
          "System.Security.Cryptography.ProtectedData": "9.0.0"
        }
      },
      "Microsoft.Diagnostics.NETCore.Client": {
        "type": "Transitive",
        "resolved": "0.2.607501",
        "contentHash": "17Yxzao41A1oZZ5lCCAnnXOy9up5i/GVEGazBjJAUZ4UISsNAotUt6h7zvCDgfKIC46CD7jszgLzLZoscSIJQA==",
        "dependencies": {
          "Microsoft.Extensions.Logging.Abstractions": "6.0.4"
        }
      },
      "Microsoft.DiaSymReader": {
        "type": "Transitive",
        "resolved": "2.2.9",
        "contentHash": "WLbDc/W9XkHpGVtd1L6Vml8W6+PaaYZZTJASHjHF7W2WX/hld6bfNK102Ui+I3a6zIdx4+oKRJtMgHz44JmBfw=="
      },
      "Microsoft.Extensions.DependencyModel": {
        "type": "Transitive",
        "resolved": "10.0.8",
        "contentHash": "vLyZVpxmduO2jx+76ggqnsA3m81kwMY3NkWciNTj5E+Nvqb0VihqCvQP89QsGONWp0AJwMZG+u9GzaCjDdFGNw=="
      },
      "Microsoft.Extensions.FileSystemGlobbing": {
        "type": "Transitive",
        "resolved": "9.0.4",
        "contentHash": "05Lh2ItSk4mzTdDWATW9nEcSybwprN8Tz42Fs5B+jwdXUpauktdAQUI1Am4sUQi2C63E5hvQp8gXvfwfg9mQGQ=="
      },
      "Microsoft.Extensions.Logging.Abstractions": {
        "type": "Transitive",
        "resolved": "6.0.4",
        "contentHash": "K14wYgwOfKVELrUh5eBqlC8Wvo9vvhS3ZhIvcswV2uS/ubkTRPSQsN557EZiYUSSoZNxizG+alN4wjtdyLdcyw=="
      },
      "Microsoft.NET.StringTools": {
        "type": "Transitive",
        "resolved": "17.14.28",
        "contentHash": "DMIeWDlxe0Wz0DIhJZ2FMoGQAN2yrGZOi5jjFhRYHWR5ONd0CS6IpAHlRnA7uA/5BF+BADvgsETxW2XrPiFc1A=="
      },
      "Microsoft.Testing.Extensions.Telemetry": {
        "type": "Transitive",
        "resolved": "2.3.2",
        "contentHash": "Q1iapTk1DwFFT9aPtv4wxJHe22++NLxsg7IekEujac9RDAugxGQdCN0SQ1b9ryF78cdidhSBB17pHdCANurOyQ==",
        "dependencies": {
          "Microsoft.ApplicationInsights": "2.23.0",
          "Microsoft.Testing.Platform": "2.3.2"
        }
      },
      "Microsoft.Testing.Extensions.TrxReport.Abstractions": {
        "type": "Transitive",
        "resolved": "2.3.2",
        "contentHash": "frw+Qa6gUxOZSw2Mw6SPtJT9gPzcP4nS9TfQhS0cHXKL6Rcp/CqLG+o4Psc1bHAhxW04rpzTBhjpNMnw2L7BuQ==",
        "dependencies": {
          "Microsoft.Testing.Platform": "2.3.2"
        }
      },
      "Microsoft.Testing.Extensions.VSTestBridge": {
        "type": "Transitive",
        "resolved": "2.3.2",
        "contentHash": "DXJIaLlwt+6GnPurlf7eVMI0wAZV5KCZrgGPibhx9i9LNxAkwEOK2jVzdVjLvvZ/SX9MUUaGJB9yXuF/VoT4/w==",
        "dependencies": {
          "Microsoft.TestPlatform.ObjectModel": "18.4.0",
          "Microsoft.Testing.Extensions.Telemetry": "2.3.2",
          "Microsoft.Testing.Extensions.TrxReport.Abstractions": "2.3.2",
          "Microsoft.Testing.Platform": "2.3.2"
        }
      },
      "Microsoft.Testing.Platform": {
        "type": "Transitive",
        "resolved": "2.3.2",
        "contentHash": "FuJgIEfNU+rFHJYGhuqA8uup+3cryJ1N67Tijqo01Jd5xAr28ptz0aXkFfSqK3MhAUmGsrPpgQ92+3+0oXv8AA=="
      },
      "Microsoft.Testing.Platform.MSBuild": {
        "type": "Transitive",
        "resolved": "2.3.2",
        "contentHash": "guFvvaE8FGUlB6h24jN+P+NBz/P5x4On9sk4n5UapUAPq4fr0y1AgUe4sXmItp7r2NMe3rhZYLE1teP9T9sVbg==",
        "dependencies": {
          "Microsoft.Testing.Platform": "2.3.2"
        }
      },
      "Microsoft.TestPlatform.ObjectModel": {
        "type": "Transitive",
        "resolved": "18.4.0",
        "contentHash": "4L6m2kS2pY5uJ9cpeRxzW22opr6ttScIRqsOpMDQpgENp/ZwxkkQCcmc6LRSURo2dFaaSW5KVflQZvroiJ7Wzg=="
      },
      "MSTest.Analyzers": {
        "type": "Transitive",
        "resolved": "4.3.2",
        "contentHash": "GNvrVI6/Y5pNoKnK1/VELBls3XiHNZaj+zh14LtwlCqFI8zXTW3vuBe0Jv2qEr9wxHlOAQQBTJPRoNRjneGrKQ=="
      },
      "NuGet.Frameworks": {
        "type": "Transitive",
        "resolved": "6.12.1",
        "contentHash": "kPaRD5RJC0ByUg+yGX6bDz5XHMI7OYmQwP8kbtef+vZ+csj/VDb5Bwas4ChxwhoAbI8lEvwP5/3aViQPpgNBow=="
      },
      "System.CodeDom": {
        "type": "Transitive",
        "resolved": "9.0.0",
        "contentHash": "oTE5IfuMoET8yaZP/vdvy9xO47guAv/rOhe4DODuFBN3ySprcQOlXqO3j+e/H/YpKKR5sglrxRaZ2HYOhNJrqA=="
      },
      "System.ComponentModel.Annotations": {
        "type": "Transitive",
        "resolved": "5.0.0",
        "contentHash": "dMkqfy2el8A8/I76n2Hi1oBFEbG1SfxD2l5nhwXV3XjlnOmwxJlQbYpJH4W51odnU9sARCSAgv7S3CyAFMkpYg=="
      },
      "System.Configuration.ConfigurationManager": {
        "type": "Transitive",
        "resolved": "9.0.0",
        "contentHash": "PdkuMrwDhXoKFo/JxISIi9E8L+QGn9Iquj2OKDWHB6Y/HnUOuBouF7uS3R4Hw3FoNmwwMo6hWgazQdyHIIs27A==",
        "dependencies": {
          "System.Diagnostics.EventLog": "9.0.0",
          "System.Security.Cryptography.ProtectedData": "9.0.0"
        }
      },
      "System.Diagnostics.EventLog": {
        "type": "Transitive",
        "resolved": "9.0.0",
        "contentHash": "qd01+AqPhbAG14KtdtIqFk+cxHQFZ/oqRSCoxU1F+Q6Kv0cl726sl7RzU9yLFGd4BUOKdN4XojXF0pQf/R6YeA=="
      },
      "System.Formats.Nrbf": {
        "type": "Transitive",
        "resolved": "9.0.0",
        "contentHash": "F/6tNE+ckmdFeSQAyQo26bQOqfPFKEfZcuqnp4kBE6/7jP26diP+QTHCJJ6vpEfaY6bLy+hBLiIQUSxSmNwLkA=="
      },
      "System.Resources.Extensions": {
        "type": "Transitive",
        "resolved": "9.0.0",
        "contentHash": "tvhuT1D2OwPROdL1kRWtaTJliQo0WdyhvwDpd8RM997G7m3Hya5nhbYhNTS75x6Vu+ypSOgL5qxDCn8IROtCxw==",
        "dependencies": {
          "System.Formats.Nrbf": "9.0.0"
        }
      },
      "System.Security.Cryptography.Pkcs": {
        "type": "Transitive",
        "resolved": "10.0.10",
        "contentHash": "KG8t5RHczdgB3IWvRndpI0nE1DSo7ikDYSDbITxfgRFyIvnYiKzuPjaZOsPnwFQ1aOGUl9sEulJul9wlHLEUoA=="
      },
      "System.Security.Cryptography.ProtectedData": {
        "type": "Transitive",
        "resolved": "9.0.0",
        "contentHash": "CJW+x/F6fmRQ7N6K8paasTw9PDZp4t7G76UjGNlSDgoHPF0h08vTzLYbLZpOLEJSg35d5wy2jCXGo84EN05DpQ=="
      },
      "lumoin.base": {
        "type": "Project"
      },
      "lumoin.base.sodium": {
        "type": "Project",
        "dependencies": {
          "Lumoin.Base": "[0.0.0, )"
        }
      },
      "System.Security.Cryptography.Xml": {
        "type": "CentralTransitive",
        "requested": "[10.0.10, )",
        "resolved": "10.0.10",
        "contentHash": "Mz6Y+s+uMQKj1H2BUF0OhlmaOQkLgSG34/IrUaBDirYBQ6bgwcFvO/XtXWcoDlBLFoFB0uKqDNhybHOd+fQK1A==",
        "dependencies": {
          "System.Security.Cryptography.Pkcs": "10.0.10"
        }
      }
    }
  }
}